{
  "name": "betmas",
  "version": "1.0.0",
  "lockfileVersion": 3,
  "requires": true,
  "packages": {
    "": {
      "name": "betmas",
      "version": "1.0.0",
      "devDependencies": {
        "prettier": "^3.9.4",
        "prettier-plugin-xquery": "^1.6.2"
      }
    },
    "node_modules/prettier": {
      "version": "3.9.4",
      "resolved": "https://registry.npmjs.org/prettier/-/prettier-3.9.4.tgz",
      "integrity": "sha512-yWG/o/4oJfo036EKAfK6ACAoDOfHeRHx4tuxkfBZiauURiaSmYwlpOr5LQqKtIkRD2z1PLteme2WoxEnj4tHTg==",
      "dev": true,
      "license": "MIT",
      "bin": {
        "prettier": "bin/prettier.cjs"
      },
      "engines": {
        "node": ">=14"
      },
      "funding": {
        "url": "https://github.com/prettier/prettier?sponsor=1"
      }
    },
    "node_modules/prettier-plugin-xquery": {
      "version": "1.6.2",
      "resolved": "https://registry.npmjs.org/prettier-plugin-xquery/-/prettier-plugin-xquery-1.6.2.tgz",
      "integrity": "sha512-yCIbMQDMIbCdwXHZ9+6zjgXGXyuWppqJ0xyyuCL09JwCyBDLgd5CE/JqXlUk435U5cGRoUlR/PrRUmFgIUw19g==",
      "dev": true,
      "license": "MIT",
      "dependencies": {
        "prettier": "^3.8.1",
        "xq-parser": "^0.5.1"
      }
    },
    "node_modules/xq-parser": {
      "version": "0.5.1",
      "resolved": "https://registry.npmjs.org/xq-parser/-/xq-parser-0.5.1.tgz",
      "integrity": "sha512-rHEI+zNo10uRNsXGWd9V4SfO5Fa9oFepw/XtkghDJq4TaySbh7orA9cA6P/HC/h6JvgGpqijFBJYlIm9b+uXhQ==",
      "dev": true,
      "license": "MIT"
    }
  }
}
