{
	"name": "betmas-parser",
	"version": "0.5.0",
	"lockfileVersion": 3,
	"requires": true,
	"packages": {
		"": {
			"name": "betmas-parser",
			"version": "0.5.0",
			"dependencies": {
				"bootstrap": "3.4.1",
				"intro.js": "2.9.3",
				"jquery": "3.7.1"
			}
		},
		"node_modules/bootstrap": {
			"version": "3.4.1",
			"resolved": "https://registry.npmjs.org/bootstrap/-/bootstrap-3.4.1.tgz",
			"integrity": "sha512-yN5oZVmRCwe5aKwzRj6736nSmKDX7pLYwsXiCj/EYmo16hODaBiT4En5btW/jhBF/seV+XMx3aYwukYC3A49DA==",
			"deprecated": "This version of Bootstrap is no longer supported. Please upgrade to the latest version.",
			"license": "MIT",
			"engines": {
				"node": ">=6"
			}
		},
		"node_modules/intro.js": {
			"version": "2.9.3",
			"resolved": "https://registry.npmjs.org/intro.js/-/intro.js-2.9.3.tgz",
			"integrity": "sha512-hC+EXWnEuJeA3CveGMat3XHePd2iaXNFJIVfvJh2E9IzBMGLTlhWvPIVHAgKlOpO4lNayCxEqzr4N02VmHFr9Q==",
			"license": "AGPL-3.0"
		},
		"node_modules/jquery": {
			"version": "3.7.1",
			"resolved": "https://registry.npmjs.org/jquery/-/jquery-3.7.1.tgz",
			"integrity": "sha512-m4avr8yL8kmFN8psrbFFFmB/If14iN5o9nw/NgnnM+kybDJpRsAynV2BsfpTYrTRysYUdADVD7CkUUizgkpLfg==",
			"license": "MIT"
		}
	}
}
